// !$*UTF8*$!
{
	archiveVersion = 1;
	classes = {
	};
	objectVersion = 55;
	objects = {

/* Begin PBXBuildFile section */
		872DC29D28F7372400EDE125 /* AppDelegate.swift in Sources */ = {isa = PBXBuildFile; fileRef = 872DC29C28F7372400EDE125 /* AppDelegate.swift */; };
		872DC29F28F7372400EDE125 /* SceneDelegate.swift in Sources */ = {isa = PBXBuildFile; fileRef = 872DC29E28F7372400EDE125 /* SceneDelegate.swift */; };
		872DC2A128F7372400EDE125 /* CategoryViewController.swift in Sources */ = {isa = PBXBuildFile; fileRef = 872DC2A028F7372400EDE125 /* CategoryViewController.swift */; };
		872DC2A428F7372400EDE125 /* Main.storyboard in Resources */ = {isa = PBXBuildFile; fileRef = 872DC2A228F7372400EDE125 /* Main.storyboard */; };
		872DC2A628F7372500EDE125 /* Assets.xcassets in Resources */ = {isa = PBXBuildFile; fileRef = 872DC2A528F7372500EDE125 /* Assets.xcassets */; };
		872DC2A928F7372500EDE125 /* LaunchScreen.storyboard in Resources */ = {isa = PBXBuildFile; fileRef = 872DC2A728F7372500EDE125 /* LaunchScreen.storyboard */; };
		872DC2B428F7372500EDE125 /* mealDBAppTests.swift in Sources */ = {isa = PBXBuildFile; fileRef = 872DC2B328F7372500EDE125 /* mealDBAppTests.swift */; };
		872DC2CD28F73A5E00EDE125 /* MealViewCell.swift in Sources */ = {isa = PBXBuildFile; fileRef = 872DC2CC28F73A5E00EDE125 /* MealViewCell.swift */; };
		8793421428F9161000372F38 /* CategoryViewController+TableExtensions.swift in Sources */ = {isa = PBXBuildFile; fileRef = 8793421328F9161000372F38 /* CategoryViewController+TableExtensions.swift */; };
		8793421D28F92D1B00372F38 /* mealQuery.swift in Sources */ = {isa = PBXBuildFile; fileRef = 8793421C28F92D1B00372F38 /* mealQuery.swift */; };
		8793422028F9362C00372F38 /* CategoryListViewModel.swift in Sources */ = {isa = PBXBuildFile; fileRef = 8793421F28F9362C00372F38 /* CategoryListViewModel.swift */; };
		8793422228F936DB00372F38 /* MealsDBFetch.swift in Sources */ = {isa = PBXBuildFile; fileRef = 8793422128F936DB00372F38 /* MealsDBFetch.swift */; };
		8793422428F9408E00372F38 /* MealsDBFetchTests.swift in Sources */ = {isa = PBXBuildFile; fileRef = 8793422328F9408E00372F38 /* MealsDBFetchTests.swift */; };
		87B8952828F87A7500E1849D /* MealItem.swift in Sources */ = {isa = PBXBuildFile; fileRef = 87B8952728F87A7500E1849D /* MealItem.swift */; };
/* End PBXBuildFile section */

/* Begin PBXContainerItemProxy section */
		872DC2B028F7372500EDE125 /* PBXContainerItemProxy */ = {
			isa = PBXContainerItemProxy;
			containerPortal = 872DC29128F7372400EDE125 /* Project object */;
			proxyType = 1;
			remoteGlobalIDString = 872DC29828F7372400EDE125;
			remoteInfo = mealDBApp;
		};
		872DC2BA28F7372500EDE125 /* PBXContainerItemProxy */ = {
			isa = PBXContainerItemProxy;
			containerPortal = 872DC29128F7372400EDE125 /* Project object */;
			proxyType = 1;
			remoteGlobalIDString = 872DC29828F7372400EDE125;
			remoteInfo = mealDBApp;
		};
/* End PBXContainerItemProxy section */

/* Begin PBXFileReference section */
		872DC29928F7372400EDE125 /* mealDBApp.app */ = {isa = PBXFileReference; explicitFileType = wrapper.application; includeInIndex = 0; path = mealDBApp.app; sourceTree = BUILT_PRODUCTS_DIR; };
		872DC29C28F7372400EDE125 /* AppDelegate.swift */ = {isa = PBXFileReference; lastKnownFileType = sourcecode.swift; path = AppDelegate.swift; sourceTree = "<group>"; };
		872DC29E28F7372400EDE125 /* SceneDelegate.swift */ = {isa = PBXFileReference; lastKnownFileType = sourcecode.swift; path = SceneDelegate.swift; sourceTree = "<group>"; };
		872DC2A028F7372400EDE125 /* CategoryViewController.swift */ = {isa = PBXFileReference; lastKnownFileType = sourcecode.swift; path = CategoryViewController.swift; sourceTree = "<group>"; };
		872DC2A328F7372400EDE125 /* Base */ = {isa = PBXFileReference; lastKnownFileType = file.storyboard; name = Base; path = Base.lproj/Main.storyboard; sourceTree = "<group>"; };
		872DC2A528F7372500EDE125 /* Assets.xcassets */ = {isa = PBXFileReference; lastKnownFileType = folder.assetcatalog; path = Assets.xcassets; sourceTree = "<group>"; };
		872DC2A828F7372500EDE125 /* Base */ = {isa = PBXFileReference; lastKnownFileType = file.storyboard; name = Base; path = Base.lproj/LaunchScreen.storyboard; sourceTree = "<group>"; };
		872DC2AA28F7372500EDE125 /* Info.plist */ = {isa = PBXFileReference; lastKnownFileType = text.plist.xml; path = Info.plist; sourceTree = "<group>"; };
		872DC2AF28F7372500EDE125 /* mealDBAppTests.xctest */ = {isa = PBXFileReference; explicitFileType = wrapper.cfbundle; includeInIndex = 0; path = mealDBAppTests.xctest; sourceTree = BUILT_PRODUCTS_DIR; };
		872DC2B328F7372500EDE125 /* mealDBAppTests.swift */ = {isa = PBXFileReference; lastKnownFileType = sourcecode.swift; path = mealDBAppTests.swift; sourceTree = "<group>"; };
		872DC2B928F7372500EDE125 /* mealDBAppUITests.xctest */ = {isa = PBXFileReference; explicitFileType = wrapper.cfbundle; includeInIndex = 0; path = mealDBAppUITests.xctest; sourceTree = BUILT_PRODUCTS_DIR; };
		872DC2CC28F73A5E00EDE125 /* MealViewCell.swift */ = {isa = PBXFileReference; lastKnownFileType = sourcecode.swift; path = MealViewCell.swift; sourceTree = "<group>"; };
		8793421328F9161000372F38 /* CategoryViewController+TableExtensions.swift */ = {isa = PBXFileReference; lastKnownFileType = sourcecode.swift; path = "CategoryViewController+TableExtensions.swift"; sourceTree = "<group>"; };
		8793421C28F92D1B00372F38 /* mealQuery.swift */ = {isa = PBXFileReference; lastKnownFileType = sourcecode.swift; path = mealQuery.swift; sourceTree = "<group>"; };
		8793421F28F9362C00372F38 /* CategoryListViewModel.swift */ = {isa = PBXFileReference; lastKnownFileType = sourcecode.swift; path = CategoryListViewModel.swift; sourceTree = "<group>"; };
		8793422128F936DB00372F38 /* MealsDBFetch.swift */ = {isa = PBXFileReference; lastKnownFileType = sourcecode.swift; path = MealsDBFetch.swift; sourceTree = "<group>"; };
		8793422328F9408E00372F38 /* MealsDBFetchTests.swift */ = {isa = PBXFileReference; lastKnownFileType = sourcecode.swift; path = MealsDBFetchTests.swift; sourceTree = "<group>"; };
		87B8952728F87A7500E1849D /* MealItem.swift */ = {isa = PBXFileReference; lastKnownFileType = sourcecode.swift; path = MealItem.swift; sourceTree = "<group>"; };
/* End PBXFileReference section */

/* Begin PBXFrameworksBuildPhase section */
		872DC29628F7372400EDE125 /* Frameworks */ = {
			isa = PBXFrameworksBuildPhase;
			buildActionMask = 2147483647;
			files = (
			);
			runOnlyForDeploymentPostprocessing = 0;
		};
		872DC2AC28F7372500EDE125 /* Frameworks */ = {
			isa = PBXFrameworksBuildPhase;
			buildActionMask = 2147483647;
			files = (
			);
			runOnlyForDeploymentPostprocessing = 0;
		};
		872DC2B628F7372500EDE125 /* Frameworks */ = {
			isa = PBXFrameworksBuildPhase;
			buildActionMask = 2147483647;
			files = (
			);
			runOnlyForDeploymentPostprocessing = 0;
		};
/* End PBXFrameworksBuildPhase section */

/* Begin PBXGroup section */
		872DC29028F7372400EDE125 = {
			isa = PBXGroup;
			children = (
				872DC29B28F7372400EDE125 /* mealDBApp */,
				872DC2B228F7372500EDE125 /* mealDBAppTests */,
				872DC29A28F7372400EDE125 /* Products */,
			);
			sourceTree = "<group>";
		};
		872DC29A28F7372400EDE125 /* Products */ = {
			isa = PBXGroup;
			children = (
				872DC29928F7372400EDE125 /* mealDBApp.app */,
				872DC2AF28F7372500EDE125 /* mealDBAppTests.xctest */,
				872DC2B928F7372500EDE125 /* mealDBAppUITests.xctest */,
			);
			name = Products;
			sourceTree = "<group>";
		};
		872DC29B28F7372400EDE125 /* mealDBApp */ = {
			isa = PBXGroup;
			children = (
				8793421928F9212B00372F38 /* APICalls */,
				8793421628F918A000372F38 /* View */,
				8793421E28F935EC00372F38 /* View Model */,
				8793421528F9187D00372F38 /* Model */,
				872DC29C28F7372400EDE125 /* AppDelegate.swift */,
				872DC29E28F7372400EDE125 /* SceneDelegate.swift */,
				872DC2A228F7372400EDE125 /* Main.storyboard */,
				872DC2A528F7372500EDE125 /* Assets.xcassets */,
				872DC2A728F7372500EDE125 /* LaunchScreen.storyboard */,
				872DC2AA28F7372500EDE125 /* Info.plist */,
			);
			path = mealDBApp;
			sourceTree = "<group>";
		};
		872DC2B228F7372500EDE125 /* mealDBAppTests */ = {
			isa = PBXGroup;
			children = (
				872DC2B328F7372500EDE125 /* mealDBAppTests.swift */,
				8793422328F9408E00372F38 /* MealsDBFetchTests.swift */,
			);
			path = mealDBAppTests;
			sourceTree = "<group>";
		};
		8793421528F9187D00372F38 /* Model */ = {
			isa = PBXGroup;
			children = (
				87B8952728F87A7500E1849D /* MealItem.swift */,
				8793421C28F92D1B00372F38 /* mealQuery.swift */,
			);
			path = Model;
			sourceTree = "<group>";
		};
		8793421628F918A000372F38 /* View */ = {
			isa = PBXGroup;
			children = (
				872DC2A028F7372400EDE125 /* CategoryViewController.swift */,
				8793421328F9161000372F38 /* CategoryViewController+TableExtensions.swift */,
				872DC2CC28F73A5E00EDE125 /* MealViewCell.swift */,
			);
			path = View;
			sourceTree = "<group>";
		};
		8793421928F9212B00372F38 /* APICalls */ = {
			isa = PBXGroup;
			children = (
				8793422128F936DB00372F38 /* MealsDBFetch.swift */,
			);
			path = APICalls;
			sourceTree = "<group>";
		};
		8793421E28F935EC00372F38 /* View Model */ = {
			isa = PBXGroup;
			children = (
				8793421F28F9362C00372F38 /* CategoryListViewModel.swift */,
			);
			path = "View Model";
			sourceTree = "<group>";
		};
/* End PBXGroup section */

/* Begin PBXNativeTarget section */
		872DC29828F7372400EDE125 /* mealDBApp */ = {
			isa = PBXNativeTarget;
			buildConfigurationList = 872DC2C328F7372500EDE125 /* Build configuration list for PBXNativeTarget "mealDBApp" */;
			buildPhases = (
				872DC29528F7372400EDE125 /* Sources */,
				872DC29628F7372400EDE125 /* Frameworks */,
				872DC29728F7372400EDE125 /* Resources */,
			);
			buildRules = (
			);
			dependencies = (
			);
			name = mealDBApp;
			productName = mealDBApp;
			productReference = 872DC29928F7372400EDE125 /* mealDBApp.app */;
			productType = "com.apple.product-type.application";
		};
		872DC2AE28F7372500EDE125 /* mealDBAppTests */ = {
			isa = PBXNativeTarget;
			buildConfigurationList = 872DC2C628F7372500EDE125 /* Build configuration list for PBXNativeTarget "mealDBAppTests" */;
			buildPhases = (
				872DC2AB28F7372500EDE125 /* Sources */,
				872DC2AC28F7372500EDE125 /* Frameworks */,
				872DC2AD28F7372500EDE125 /* Resources */,
			);
			buildRules = (
			);
			dependencies = (
				872DC2B128F7372500EDE125 /* PBXTargetDependency */,
			);
			name = mealDBAppTests;
			productName = mealDBAppTests;
			productReference = 872DC2AF28F7372500EDE125 /* mealDBAppTests.xctest */;
			productType = "com.apple.product-type.bundle.unit-test";
		};
		872DC2B828F7372500EDE125 /* mealDBAppUITests */ = {
			isa = PBXNativeTarget;
			buildConfigurationList = 872DC2C928F7372500EDE125 /* Build configuration list for PBXNativeTarget "mealDBAppUITests" */;
			buildPhases = (
				872DC2B528F7372500EDE125 /* Sources */,
				872DC2B628F7372500EDE125 /* Frameworks */,
				872DC2B728F7372500EDE125 /* Resources */,
			);
			buildRules = (
			);
			dependencies = (
				872DC2BB28F7372500EDE125 /* PBXTargetDependency */,
			);
			name = mealDBAppUITests;
			productName = mealDBAppUITests;
			productReference = 872DC2B928F7372500EDE125 /* mealDBAppUITests.xctest */;
			productType = "com.apple.product-type.bundle.ui-testing";
		};
/* End PBXNativeTarget section */

/* Begin PBXProject section */
		872DC29128F7372400EDE125 /* Project object */ = {
			isa = PBXProject;
			attributes = {
				BuildIndependentTargetsInParallel = 1;
				LastSwiftUpdateCheck = 1340;
				LastUpgradeCheck = 1340;
				TargetAttributes = {
					872DC29828F7372400EDE125 = {
						CreatedOnToolsVersion = 13.4.1;
					};
					872DC2AE28F7372500EDE125 = {
						CreatedOnToolsVersion = 13.4.1;
						TestTargetID = 872DC29828F7372400EDE125;
					};
					872DC2B828F7372500EDE125 = {
						CreatedOnToolsVersion = 13.4.1;
						TestTargetID = 872DC29828F7372400EDE125;
					};
				};
			};
			buildConfigurationList = 872DC29428F7372400EDE125 /* Build configuration list for PBXProject "mealDBApp" */;
			compatibilityVersion = "Xcode 13.0";
			developmentRegion = en;
			hasScannedForEncodings = 0;
			knownRegions = (
				en,
				Base,
			);
			mainGroup = 872DC29028F7372400EDE125;
			productRefGroup = 872DC29A28F7372400EDE125 /* Products */;
			projectDirPath = "";
			projectRoot = "";
			targets = (
				872DC29828F7372400EDE125 /* mealDBApp */,
				872DC2AE28F7372500EDE125 /* mealDBAppTests */,
				872DC2B828F7372500EDE125 /* mealDBAppUITests */,
			);
		};
/* End PBXProject section */

/* Begin PBXResourcesBuildPhase section */
		872DC29728F7372400EDE125 /* Resources */ = {
			isa = PBXResourcesBuildPhase;
			buildActionMask = 2147483647;
			files = (
				872DC2A928F7372500EDE125 /* LaunchScreen.storyboard in Resources */,
				872DC2A628F7372500EDE125 /* Assets.xcassets in Resources */,
				872DC2A428F7372400EDE125 /* Main.storyboard in Resources */,
			);
			runOnlyForDeploymentPostprocessing = 0;
		};
		872DC2AD28F7372500EDE125 /* Resources */ = {
			isa = PBXResourcesBuildPhase;
			buildActionMask = 2147483647;
			files = (
			);
			runOnlyForDeploymentPostprocessing = 0;
		};
		872DC2B728F7372500EDE125 /* Resources */ = {
			isa = PBXResourcesBuildPhase;
			buildActionMask = 2147483647;
			files = (
			);
			runOnlyForDeploymentPostprocessing = 0;
		};
/* End PBXResourcesBuildPhase section */

/* Begin PBXSourcesBuildPhase section */
		872DC29528F7372400EDE125 /* Sources */ = {
			isa = PBXSourcesBuildPhase;
			buildActionMask = 2147483647;
			files = (
				872DC2A128F7372400EDE125 /* CategoryViewController.swift in Sources */,
				8793422228F936DB00372F38 /* MealsDBFetch.swift in Sources */,
				872DC29D28F7372400EDE125 /* AppDelegate.swift in Sources */,
				87B8952828F87A7500E1849D /* MealItem.swift in Sources */,
				8793421428F9161000372F38 /* CategoryViewController+TableExtensions.swift in Sources */,
				8793422028F9362C00372F38 /* CategoryListViewModel.swift in Sources */,
				8793421D28F92D1B00372F38 /* mealQuery.swift in Sources */,
				872DC2CD28F73A5E00EDE125 /* MealViewCell.swift in Sources */,
				872DC29F28F7372400EDE125 /* SceneDelegate.swift in Sources */,
			);
			runOnlyForDeploymentPostprocessing = 0;
		};
		872DC2AB28F7372500EDE125 /* Sources */ = {
			isa = PBXSourcesBuildPhase;
			buildActionMask = 2147483647;
			files = (
				872DC2B428F7372500EDE125 /* mealDBAppTests.swift in Sources */,
				8793422428F9408E00372F38 /* MealsDBFetchTests.swift in Sources */,
			);
			runOnlyForDeploymentPostprocessing = 0;
		};
		872DC2B528F7372500EDE125 /* Sources */ = {
			isa = PBXSourcesBuildPhase;
			buildActionMask = 2147483647;
			files = (
			);
			runOnlyForDeploymentPostprocessing = 0;
		};
/* End PBXSourcesBuildPhase section */

/* Begin PBXTargetDependency section */
		872DC2B128F7372500EDE125 /* PBXTargetDependency */ = {
			isa = PBXTargetDependency;
			target = 872DC29828F7372400EDE125 /* mealDBApp */;
			targetProxy = 872DC2B028F7372500EDE125 /* PBXContainerItemProxy */;
		};
		872DC2BB28F7372500EDE125 /* PBXTargetDependency */ = {
			isa = PBXTargetDependency;
			target = 872DC29828F7372400EDE125 /* mealDBApp */;
			targetProxy = 872DC2BA28F7372500EDE125 /* PBXContainerItemProxy */;
		};
/* End PBXTargetDependency section */

/* Begin PBXVariantGroup section */
		872DC2A228F7372400EDE125 /* Main.storyboard */ = {
			isa = PBXVariantGroup;
			children = (
				872DC2A328F7372400EDE125 /* Base */,
			);
			name = Main.storyboard;
			sourceTree = "<group>";
		};
		872DC2A728F7372500EDE125 /* LaunchScreen.storyboard */ = {
			isa = PBXVariantGroup;
			children = (
				872DC2A828F7372500EDE125 /* Base */,
			);
			name = LaunchScreen.storyboard;
			sourceTree = "<group>";
		};
/* End PBXVariantGroup section */

/* Begin XCBuildConfiguration section */
		872DC2C128F7372500EDE125 /* Debug */ = {
			isa = XCBuildConfiguration;
			buildSettings = {
				ALWAYS_SEARCH_USER_PATHS = NO;
				CLANG_ANALYZER_NONNULL = YES;
				CLANG_ANALYZER_NUMBER_OBJECT_CONVERSION = YES_AGGRESSIVE;
				CLANG_CXX_LANGUAGE_STANDARD = "gnu++17";
				CLANG_ENABLE_MODULES = YES;
				CLANG_ENABLE_OBJC_ARC = YES;
				CLANG_ENABLE_OBJC_WEAK = YES;
				CLANG_WARN_BLOCK_CAPTURE_AUTORELEASING = YES;
				CLANG_WARN_BOOL_CONVERSION = YES;
				CLANG_WARN_COMMA = YES;
				CLANG_WARN_CONSTANT_CONVERSION = YES;
				CLANG_WARN_DEPRECATED_OBJC_IMPLEMENTATIONS = YES;
				CLANG_WARN_DIRECT_OBJC_ISA_USAGE = YES_ERROR;
				CLANG_WARN_DOCUMENTATION_COMMENTS = YES;
				CLANG_WARN_EMPTY_BODY = YES;
				CLANG_WARN_ENUM_CONVERSION = YES;
				CLANG_WARN_INFINITE_RECURSION = YES;
				CLANG_WARN_INT_CONVERSION = YES;
				CLANG_WARN_NON_LITERAL_NULL_CONVERSION = YES;
				CLANG_WARN_OBJC_IMPLICIT_RETAIN_SELF = YES;
				CLANG_WARN_OBJC_LITERAL_CONVERSION = YES;
				CLANG_WARN_OBJC_ROOT_CLASS = YES_ERROR;
				CLANG_WARN_QUOTED_INCLUDE_IN_FRAMEWORK_HEADER = YES;
				CLANG_WARN_RANGE_LOOP_ANALYSIS = YES;
				CLANG_WARN_STRICT_PROTOTYPES = YES;
				CLANG_WARN_SUSPICIOUS_MOVE = YES;
				CLANG_WARN_UNGUARDED_AVAILABILITY = YES_AGGRESSIVE;
				CLANG_WARN_UNREACHABLE_CODE = YES;
				CLANG_WARN__DUPLICATE_METHOD_MATCH = YES;
				COPY_PHASE_STRIP = NO;
				DEBUG_INFORMATION_FORMAT = dwarf;
				ENABLE_STRICT_OBJC_MSGSEND = YES;
				ENABLE_TESTABILITY = YES;
				GCC_C_LANGUAGE_STANDARD = gnu11;
				GCC_DYNAMIC_NO_PIC = NO;
				GCC_NO_COMMON_BLOCKS = YES;
				GCC_OPTIMIZATION_LEVEL = 0;
				GCC_PREPROCESSOR_DEFINITIONS = (
					"DEBUG=1",
					"$(inherited)",
				);
				GCC_WARN_64_TO_32_BIT_CONVERSION = YES;
				GCC_WARN_ABOUT_RETURN_TYPE = YES_ERROR;
				GCC_WARN_UNDECLARED_SELECTOR = YES;
				GCC_WARN_UNINITIALIZED_AUTOS = YES_AGGRESSIVE;
				GCC_WARN_UNUSED_FUNCTION = YES;
				GCC_WARN_UNUSED_VARIABLE = YES;
				IPHONEOS_DEPLOYMENT_TARGET = 15.5;
				MTL_ENABLE_DEBUG_INFO = INCLUDE_SOURCE;
				MTL_FAST_MATH = YES;
				ONLY_ACTIVE_ARCH = YES;
				SDKROOT = iphoneos;
				SWIFT_ACTIVE_COMPILATION_CONDITIONS = DEBUG;
				SWIFT_OPTIMIZATION_LEVEL = "-Onone";
			};
			name = Debug;
		};
		872DC2C228F7372500EDE125 /* Release */ = {
			isa = XCBuildConfiguration;
			buildSettings = {
				ALWAYS_SEARCH_USER_PATHS = NO;
				CLANG_ANALYZER_NONNULL = YES;
				CLANG_ANALYZER_NUMBER_OBJECT_CONVERSION = YES_AGGRESSIVE;
				CLANG_CXX_LANGUAGE_STANDARD = "gnu++17";
				CLANG_ENABLE_MODULES = YES;
				CLANG_ENABLE_OBJC_ARC = YES;
				CLANG_ENABLE_OBJC_WEAK = YES;
				CLANG_WARN_BLOCK_CAPTURE_AUTORELEASING = YES;
				CLANG_WARN_BOOL_CONVERSION = YES;
				CLANG_WARN_COMMA = YES;
				CLANG_WARN_CONSTANT_CONVERSION = YES;
				CLANG_WARN_DEPRECATED_OBJC_IMPLEMENTATIONS = YES;
				CLANG_WARN_DIRECT_OBJC_ISA_USAGE = YES_ERROR;
				CLANG_WARN_DOCUMENTATION_COMMENTS = YES;
				CLANG_WARN_EMPTY_BODY = YES;
				CLANG_WARN_ENUM_CONVERSION = YES;
				CLANG_WARN_INFINITE_RECURSION = YES;
				CLANG_WARN_INT_CONVERSION = YES;
				CLANG_WARN_NON_LITERAL_NULL_CONVERSION = YES;
				CLANG_WARN_OBJC_IMPLICIT_RETAIN_SELF = YES;
				CLANG_WARN_OBJC_LITERAL_CONVERSION = YES;
				CLANG_WARN_OBJC_ROOT_CLASS = YES_ERROR;
				CLANG_WARN_QUOTED_INCLUDE_IN_FRAMEWORK_HEADER = YES;
				CLANG_WARN_RANGE_LOOP_ANALYSIS = YES;
				CLANG_WARN_STRICT_PROTOTYPES = YES;
				CLANG_WARN_SUSPICIOUS_MOVE = YES;
				CLANG_WARN_UNGUARDED_AVAILABILITY = YES_AGGRESSIVE;
				CLANG_WARN_UNREACHABLE_CODE = YES;
				CLANG_WARN__DUPLICATE_METHOD_MATCH = YES;
				COPY_PHASE_STRIP = NO;
				DEBUG_INFORMATION_FORMAT = "dwarf-with-dsym";
				ENABLE_NS_ASSERTIONS = NO;
				ENABLE_STRICT_OBJC_MSGSEND = YES;
				GCC_C_LANGUAGE_STANDARD = gnu11;
				GCC_NO_COMMON_BLOCKS = YES;
				GCC_WARN_64_TO_32_BIT_CONVERSION = YES;
				GCC_WARN_ABOUT_RETURN_TYPE = YES_ERROR;
				GCC_WARN_UNDECLARED_SELECTOR = YES;
				GCC_WARN_UNINITIALIZED_AUTOS = YES_AGGRESSIVE;
				GCC_WARN_UNUSED_FUNCTION = YES;
				GCC_WARN_UNUSED_VARIABLE = YES;
				IPHONEOS_DEPLOYMENT_TARGET = 15.5;
				MTL_ENABLE_DEBUG_INFO = NO;
				MTL_FAST_MATH = YES;
				SDKROOT = iphoneos;
				SWIFT_COMPILATION_MODE = wholemodule;
				SWIFT_OPTIMIZATION_LEVEL = "-O";
				VALIDATE_PRODUCT = YES;
			};
			name = Release;
		};
		872DC2C428F7372500EDE125 /* Debug */ = {
			isa = XCBuildConfiguration;
			buildSettings = {
				ASSETCATALOG_COMPILER_APPICON_NAME = AppIcon;
				ASSETCATALOG_COMPILER_GLOBAL_ACCENT_COLOR_NAME = AccentColor;
				CODE_SIGN_STYLE = Automatic;
				CURRENT_PROJECT_VERSION = 1;
				DEVELOPMENT_TEAM = TLZZB8Q72K;
				GENERATE_INFOPLIST_FILE = YES;
				INFOPLIST_FILE = mealDBApp/Info.plist;
				INFOPLIST_KEY_UIApplicationSupportsIndirectInputEvents = YES;
				INFOPLIST_KEY_UILaunchStoryboardName = LaunchScreen;
				INFOPLIST_KEY_UISupportedInterfaceOrientations_iPad = "UIInterfaceOrientationPortrait UIInterfaceOrientationPortraitUpsideDown UIInterfaceOrientationLandscapeLeft UIInterfaceOrientationLandscapeRight";
				INFOPLIST_KEY_UISupportedInterfaceOrientations_iPhone = "UIInterfaceOrientationPortrait UIInterfaceOrientationLandscapeLeft UIInterfaceOrientationLandscapeRight";
				LD_RUNPATH_SEARCH_PATHS = (
					"$(inherited)",
					"@executable_path/Frameworks",
				);
				MARKETING_VERSION = 1.0;
				PRODUCT_BUNDLE_IDENTIFIER = com.jeanielee.mealDBApp;
				PRODUCT_NAME = "$(TARGET_NAME)";
				SWIFT_EMIT_LOC_STRINGS = YES;
				SWIFT_VERSION = 5.0;
				TARGETED_DEVICE_FAMILY = "1,2";
			};
			name = Debug;
		};
		872DC2C528F7372500EDE125 /* Release */ = {
			isa = XCBuildConfiguration;
			buildSettings = {
				ASSETCATALOG_COMPILER_APPICON_NAME = AppIcon;
				ASSETCATALOG_COMPILER_GLOBAL_ACCENT_COLOR_NAME = AccentColor;
				CODE_SIGN_STYLE = Automatic;
				CURRENT_PROJECT_VERSION = 1;
				DEVELOPMENT_TEAM = TLZZB8Q72K;
				GENERATE_INFOPLIST_FILE = YES;
				INFOPLIST_FILE = mealDBApp/Info.plist;
				INFOPLIST_KEY_UIApplicationSupportsIndirectInputEvents = YES;
				INFOPLIST_KEY_UILaunchStoryboardName = LaunchScreen;
				INFOPLIST_KEY_UISupportedInterfaceOrientations_iPad = "UIInterfaceOrientationPortrait UIInterfaceOrientationPortraitUpsideDown UIInterfaceOrientationLandscapeLeft UIInterfaceOrientationLandscapeRight";
				INFOPLIST_KEY_UISupportedInterfaceOrientations_iPhone = "UIInterfaceOrientationPortrait UIInterfaceOrientationLandscapeLeft UIInterfaceOrientationLandscapeRight";
				LD_RUNPATH_SEARCH_PATHS = (
					"$(inherited)",
					"@executable_path/Frameworks",
				);
				MARKETING_VERSION = 1.0;
				PRODUCT_BUNDLE_IDENTIFIER = com.jeanielee.mealDBApp;
				PRODUCT_NAME = "$(TARGET_NAME)";
				SWIFT_EMIT_LOC_STRINGS = YES;
				SWIFT_VERSION = 5.0;
				TARGETED_DEVICE_FAMILY = "1,2";
			};
			name = Release;
		};
		872DC2C728F7372500EDE125 /* Debug */ = {
			isa = XCBuildConfiguration;
			buildSettings = {
				ALWAYS_EMBED_SWIFT_STANDARD_LIBRARIES = YES;
				BUNDLE_LOADER = "$(TEST_HOST)";
				CODE_SIGN_STYLE = Automatic;
				CURRENT_PROJECT_VERSION = 1;
				DEVELOPMENT_TEAM = TLZZB8Q72K;
				GENERATE_INFOPLIST_FILE = YES;
				IPHONEOS_DEPLOYMENT_TARGET = 15.5;
				MARKETING_VERSION = 1.0;
				PRODUCT_BUNDLE_IDENTIFIER = com.jeanielee.mealDBAppTests;
				PRODUCT_NAME = "$(TARGET_NAME)";
				SWIFT_EMIT_LOC_STRINGS = NO;
				SWIFT_VERSION = 5.0;
				TARGETED_DEVICE_FAMILY = "1,2";
				TEST_HOST = "$(BUILT_PRODUCTS_DIR)/mealDBApp.app/mealDBApp";
			};
			name = Debug;
		};
		872DC2C828F7372500EDE125 /* Release */ = {
			isa = XCBuildConfiguration;
			buildSettings = {
				ALWAYS_EMBED_SWIFT_STANDARD_LIBRARIES = YES;
				BUNDLE_LOADER = "$(TEST_HOST)";
				CODE_SIGN_STYLE = Automatic;
				CURRENT_PROJECT_VERSION = 1;
				DEVELOPMENT_TEAM = TLZZB8Q72K;
				GENERATE_INFOPLIST_FILE = YES;
				IPHONEOS_DEPLOYMENT_TARGET = 15.5;
				MARKETING_VERSION = 1.0;
				PRODUCT_BUNDLE_IDENTIFIER = com.jeanielee.mealDBAppTests;
				PRODUCT_NAME = "$(TARGET_NAME)";
				SWIFT_EMIT_LOC_STRINGS = NO;
				SWIFT_VERSION = 5.0;
				TARGETED_DEVICE_FAMILY = "1,2";
				TEST_HOST = "$(BUILT_PRODUCTS_DIR)/mealDBApp.app/mealDBApp";
			};
			name = Release;
		};
		872DC2CA28F7372500EDE125 /* Debug */ = {
			isa = XCBuildConfiguration;
			buildSettings = {
				ALWAYS_EMBED_SWIFT_STANDARD_LIBRARIES = YES;
				CODE_SIGN_STYLE = Automatic;
				CURRENT_PROJECT_VERSION = 1;
				DEVELOPMENT_TEAM = TLZZB8Q72K;
				GENERATE_INFOPLIST_FILE = YES;
				MARKETING_VERSION = 1.0;
				PRODUCT_BUNDLE_IDENTIFIER = com.jeanielee.mealDBAppUITests;
				PRODUCT_NAME = "$(TARGET_NAME)";
				SWIFT_EMIT_LOC_STRINGS = NO;
				SWIFT_VERSION = 5.0;
				TARGETED_DEVICE_FAMILY = "1,2";
				TEST_TARGET_NAME = mealDBApp;
			};
			name = Debug;
		};
		872DC2CB28F7372500EDE125 /* Release */ = {
			isa = XCBuildConfiguration;
			buildSettings = {
				ALWAYS_EMBED_SWIFT_STANDARD_LIBRARIES = YES;
				CODE_SIGN_STYLE = Automatic;
				CURRENT_PROJECT_VERSION = 1;
				DEVELOPMENT_TEAM = TLZZB8Q72K;
				GENERATE_INFOPLIST_FILE = YES;
				MARKETING_VERSION = 1.0;
				PRODUCT_BUNDLE_IDENTIFIER = com.jeanielee.mealDBAppUITests;
				PRODUCT_NAME = "$(TARGET_NAME)";
				SWIFT_EMIT_LOC_STRINGS = NO;
				SWIFT_VERSION = 5.0;
				TARGETED_DEVICE_FAMILY = "1,2";
				TEST_TARGET_NAME = mealDBApp;
			};
			name = Release;
		};
/* End XCBuildConfiguration section */

/* Begin XCConfigurationList section */
		872DC29428F7372400EDE125 /* Build configuration list for PBXProject "mealDBApp" */ = {
			isa = XCConfigurationList;
			buildConfigurations = (
				872DC2C128F7372500EDE125 /* Debug */,
				872DC2C228F7372500EDE125 /* Release */,
			);
			defaultConfigurationIsVisible = 0;
			defaultConfigurationName = Release;
		};
		872DC2C328F7372500EDE125 /* Build configuration list for PBXNativeTarget "mealDBApp" */ = {
			isa = XCConfigurationList;
			buildConfigurations = (
				872DC2C428F7372500EDE125 /* Debug */,
				872DC2C528F7372500EDE125 /* Release */,
			);
			defaultConfigurationIsVisible = 0;
			defaultConfigurationName = Release;
		};
		872DC2C628F7372500EDE125 /* Build configuration list for PBXNativeTarget "mealDBAppTests" */ = {
			isa = XCConfigurationList;
			buildConfigurations = (
				872DC2C728F7372500EDE125 /* Debug */,
				872DC2C828F7372500EDE125 /* Release */,
			);
			defaultConfigurationIsVisible = 0;
			defaultConfigurationName = Release;
		};
		872DC2C928F7372500EDE125 /* Build configuration list for PBXNativeTarget "mealDBAppUITests" */ = {
			isa = XCConfigurationList;
			buildConfigurations = (
				872DC2CA28F7372500EDE125 /* Debug */,
				872DC2CB28F7372500EDE125 /* Release */,
			);
			defaultConfigurationIsVisible = 0;
			defaultConfigurationName = Release;
		};
/* End XCConfigurationList section */
	};
	rootObject = 872DC29128F7372400EDE125 /* Project object */;
}
